
Microsoft Visual Studio Solution File, Format Version 12.00
# Visual Studio 15
VisualStudioVersion = 15.0.28307.106
MinimumVisualStudioVersion = 10.0.40219.1
Project("{FAE04EC0-301F-11D3-BF4B-00C04F79EFBC}") = "BulletinsAPI", "BulletinsAPI\BulletinsAPI.csproj", "{9AD49611-1FBB-4CA5-A72B-B209F880E003}"
EndProject
Global
	GlobalSection(SolutionConfigurationPlatforms) = preSolution
		Debug|Any CPU = Debug|Any CPU
		Release|Any CPU = Release|Any CPU
	EndGlobalSection
	GlobalSection(ProjectConfigurationPlatforms) = postSolution
		{9AD49611-1FBB-4CA5-A72B-B209F880E003}.Debug|Any CPU.ActiveCfg = Debug|Any CPU
		{9AD49611-1FBB-4CA5-A72B-B209F880E003}.Debug|Any CPU.Build.0 = Debug|Any CPU
		{9AD49611-1FBB-4CA5-A72B-B209F880E003}.Release|Any CPU.ActiveCfg = Release|Any CPU
		{9AD49611-1FBB-4CA5-A72B-B209F880E003}.Release|Any CPU.Build.0 = Release|Any CPU
	EndGlobalSection
	GlobalSection(SolutionProperties) = preSolution
		HideSolutionNode = FALSE
	EndGlobalSection
	GlobalSection(ExtensibilityGlobals) = postSolution
		SolutionGuid = {91E815B0-B4B7-47E7-9BC1-8117AED5E439}
	EndGlobalSection
EndGlobal
